
Microsoft Visual Studio Solution File, Format Version 11.00
# Visual Studio 2010
Project("{FAE04EC0-301F-11D3-BF4B-00C04F79EFBC}") = "BottomShelf.Host", "BottomShelf.Host\BottomShelf.Host.csproj", "{204BE834-DF57-4171-B053-184A8862C0E0}"
EndProject
Project("{FAE04EC0-301F-11D3-BF4B-00C04F79EFBC}") = "BottomShelf", "BottomShelf\BottomShelf.csproj", "{54CB8617-1B87-444D-8DB9-3A3BACE4B7B0}"
EndProject
Project("{2150E333-8FDC-42A3-9474-1A3956D46DE8}") = "Tests", "Tests", "{A8339169-E9FF-43A5-B3E8-F6D36ED28077}"
EndProject
Project("{FAE04EC0-301F-11D3-BF4B-00C04F79EFBC}") = "BottomShelf.Host.Specs", "Tests\BottomShelf.Host.Specs\BottomShelf.Host.Specs.csproj", "{C49171D0-364D-4475-BB51-B710C2D840F7}"
EndProject
Project("{2150E333-8FDC-42A3-9474-1A3956D46DE8}") = "Configuration", "Configuration", "{B6F302E7-9526-4703-8A0D-58D8C929EDA4}"
	ProjectSection(SolutionItems) = preProject
		Tests\Configuration\BottomShelf.vsmdi = Tests\Configuration\BottomShelf.vsmdi
	EndProjectSection
EndProject
Global
	GlobalSection(TestCaseManagementSettings) = postSolution
		CategoryFile = BottomShelf.vsmdi
	EndGlobalSection
	GlobalSection(SolutionConfigurationPlatforms) = preSolution
		Debug|Any CPU = Debug|Any CPU
		Debug|Mixed Platforms = Debug|Mixed Platforms
		Debug|x86 = Debug|x86
		Release|Any CPU = Release|Any CPU
		Release|Mixed Platforms = Release|Mixed Platforms
		Release|x86 = Release|x86
	EndGlobalSection
	GlobalSection(ProjectConfigurationPlatforms) = postSolution
		{204BE834-DF57-4171-B053-184A8862C0E0}.Debug|Any CPU.ActiveCfg = Debug|x86
		{204BE834-DF57-4171-B053-184A8862C0E0}.Debug|Any CPU.Build.0 = Debug|x86
		{204BE834-DF57-4171-B053-184A8862C0E0}.Debug|Mixed Platforms.ActiveCfg = Debug|x86
		{204BE834-DF57-4171-B053-184A8862C0E0}.Debug|Mixed Platforms.Build.0 = Debug|x86
		{204BE834-DF57-4171-B053-184A8862C0E0}.Debug|x86.ActiveCfg = Debug|x86
		{204BE834-DF57-4171-B053-184A8862C0E0}.Debug|x86.Build.0 = Debug|x86
		{204BE834-DF57-4171-B053-184A8862C0E0}.Release|Any CPU.ActiveCfg = Release|x86
		{204BE834-DF57-4171-B053-184A8862C0E0}.Release|Mixed Platforms.ActiveCfg = Release|x86
		{204BE834-DF57-4171-B053-184A8862C0E0}.Release|Mixed Platforms.Build.0 = Release|x86
		{204BE834-DF57-4171-B053-184A8862C0E0}.Release|x86.ActiveCfg = Release|x86
		{204BE834-DF57-4171-B053-184A8862C0E0}.Release|x86.Build.0 = Release|x86
		{54CB8617-1B87-444D-8DB9-3A3BACE4B7B0}.Debug|Any CPU.ActiveCfg = Debug|Any CPU
		{54CB8617-1B87-444D-8DB9-3A3BACE4B7B0}.Debug|Any CPU.Build.0 = Debug|Any CPU
		{54CB8617-1B87-444D-8DB9-3A3BACE4B7B0}.Debug|Mixed Platforms.ActiveCfg = Debug|Any CPU
		{54CB8617-1B87-444D-8DB9-3A3BACE4B7B0}.Debug|Mixed Platforms.Build.0 = Debug|Any CPU
		{54CB8617-1B87-444D-8DB9-3A3BACE4B7B0}.Debug|x86.ActiveCfg = Debug|Any CPU
		{54CB8617-1B87-444D-8DB9-3A3BACE4B7B0}.Release|Any CPU.ActiveCfg = Release|Any CPU
		{54CB8617-1B87-444D-8DB9-3A3BACE4B7B0}.Release|Any CPU.Build.0 = Release|Any CPU
		{54CB8617-1B87-444D-8DB9-3A3BACE4B7B0}.Release|Mixed Platforms.ActiveCfg = Release|Any CPU
		{54CB8617-1B87-444D-8DB9-3A3BACE4B7B0}.Release|Mixed Platforms.Build.0 = Release|Any CPU
		{54CB8617-1B87-444D-8DB9-3A3BACE4B7B0}.Release|x86.ActiveCfg = Release|Any CPU
		{C49171D0-364D-4475-BB51-B710C2D840F7}.Debug|Any CPU.ActiveCfg = Debug|Any CPU
		{C49171D0-364D-4475-BB51-B710C2D840F7}.Debug|Any CPU.Build.0 = Debug|Any CPU
		{C49171D0-364D-4475-BB51-B710C2D840F7}.Debug|Mixed Platforms.ActiveCfg = Debug|Any CPU
		{C49171D0-364D-4475-BB51-B710C2D840F7}.Debug|Mixed Platforms.Build.0 = Debug|Any CPU
		{C49171D0-364D-4475-BB51-B710C2D840F7}.Debug|x86.ActiveCfg = Debug|Any CPU
		{C49171D0-364D-4475-BB51-B710C2D840F7}.Release|Any CPU.ActiveCfg = Release|Any CPU
		{C49171D0-364D-4475-BB51-B710C2D840F7}.Release|Any CPU.Build.0 = Release|Any CPU
		{C49171D0-364D-4475-BB51-B710C2D840F7}.Release|Mixed Platforms.ActiveCfg = Release|Any CPU
		{C49171D0-364D-4475-BB51-B710C2D840F7}.Release|Mixed Platforms.Build.0 = Release|Any CPU
		{C49171D0-364D-4475-BB51-B710C2D840F7}.Release|x86.ActiveCfg = Release|Any CPU
	EndGlobalSection
	GlobalSection(SolutionProperties) = preSolution
		HideSolutionNode = FALSE
	EndGlobalSection
	GlobalSection(NestedProjects) = preSolution
		{C49171D0-364D-4475-BB51-B710C2D840F7} = {A8339169-E9FF-43A5-B3E8-F6D36ED28077}
		{B6F302E7-9526-4703-8A0D-58D8C929EDA4} = {A8339169-E9FF-43A5-B3E8-F6D36ED28077}
	EndGlobalSection
EndGlobal
